# This file is automatically @generated by Cargo.
# It is not intended for manual editing.
[[package]]
name = "cached"
version = "0.12.0"
source = "registry+https://github.com/rust-lang/crates.io-index"
dependencies = [
 "once_cell 1.4.0 (registry+https://github.com/rust-lang/crates.io-index)",
]

[[package]]
name = "day6"
version = "0.1.0"

[[package]]
name = "day7"
version = "0.1.0"
dependencies = [
 "cached 0.12.0 (registry+https://github.com/rust-lang/crates.io-index)",
]

[[package]]
name = "day8"
version = "0.1.0"

[[package]]
name = "once_cell"
version = "1.4.0"
source = "registry+https://github.com/rust-lang/crates.io-index"

[metadata]
"checksum cached 0.12.0 (registry+https://github.com/rust-lang/crates.io-index)" = "083dc50149e37dfaab1ffe2c3af03576b79550f1e419a5091b28a7191db1c45b"
"checksum once_cell 1.4.0 (registry+https://github.com/rust-lang/crates.io-index)" = "0b631f7e854af39a1739f401cf34a8a013dfe09eac4fa4dba91e9768bd28168d"
